<?xml version="1.0" encoding="utf-8"?>
<Project ToolsVersion="4.0" xmlns="http://schemas.microsoft.com/developer/msbuild/2003">
  <ItemGroup>
    <Filter Include="Source Files">
      <UniqueIdentifier>{4FC737F1-C7A5-4376-A066-2A32D752A2FF}</UniqueIdentifier>
      <Extensions>cpp;c;cc;cxx;def;odl;idl;hpj;bat;asm;asmx</Extensions>
    </Filter>
    <Filter Include="Header Files">
      <UniqueIdentifier>{93995380-89BD-4b04-88EB-625FBE52EBFB}</UniqueIdentifier>
      <Extensions>h;hpp;hxx;hm;inl;inc;xsd</Extensions>
    </Filter>
    <Filter Include="Resource Files">
      <UniqueIdentifier>{67DA6AB6-F800-4c08-8B7A-83BB121AAD01}</UniqueIdentifier>
      <Extensions>rc;ico;cur;bmp;dlg;rc2;rct;bin;rgs;gif;jpg;jpeg;jpe;resx;tiff;tif;png;wav;mfcribbon-ms</Extensions>
    </Filter>
  </ItemGroup>
  <ItemGroup>
    <ClCompile Include="plugin.cpp">
      <Filter>Source Files</Filter>
    </ClCompile>
    <ClCompile Include="GDMeshExportCmd.cpp">
      <Filter>Source Files</Filter>
    </ClCompile>
    <ClCompile Include="GDAttribute.cpp">
      <Filter>Source Files</Filter>
    </ClCompile>
    <ClCompile Include="GDExporter.cpp">
      <Filter>Source Files</Filter>
    </ClCompile>
    <ClCompile Include="PointAttribute.cpp">
      <Filter>Source Files</Filter>
    </ClCompile>
    <ClCompile Include="NormalAttribute.cpp">
      <Filter>Source Files</Filter>
    </ClCompile>
    <ClCompile Include="BitangentAttribute.cpp">
      <Filter>Source Files</Filter>
    </ClCompile>
    <ClCompile Include="TangentAttribute.cpp">
      <Filter>Source Files</Filter>
    </ClCompile>
    <ClCompile Include="TexCoordAttribute.cpp">
      <Filter>Source Files</Filter>
    </ClCompile>
    <ClCompile Include="InfluenceAttribute.cpp">
      <Filter>Source Files</Filter>
    </ClCompile>
    <ClCompile Include="GDMaterialExportCmd.cpp">
      <Filter>Source Files</Filter>
    </ClCompile>
    <ClCompile Include="GDFormExportCmd.cpp">
      <Filter>Source Files</Filter>
    </ClCompile>
    <ClCompile Include="GDRenderContext.cpp">
      <Filter>Source Files</Filter>
    </ClCompile>
    <ClCompile Include="TriNormalAttribute.cpp">
      <Filter>Source Files</Filter>
    </ClCompile>
    <ClCompile Include="TriNeighborAttribute.cpp">
      <Filter>Source Files</Filter>
    </ClCompile>
    <ClCompile Include="GDAnimationCmd.cpp">
      <Filter>Source Files</Filter>
    </ClCompile>
  </ItemGroup>
  <ItemGroup>
    <ClInclude Include="GDMeshExportCmd.h">
      <Filter>Header Files</Filter>
    </ClInclude>
    <ClInclude Include="GDAttribute.h">
      <Filter>Header Files</Filter>
    </ClInclude>
    <ClInclude Include="GDVertex.h">
      <Filter>Header Files</Filter>
    </ClInclude>
    <ClInclude Include="PointAttribute.h">
      <Filter>Header Files</Filter>
    </ClInclude>
    <ClInclude Include="NormalAttribute.h">
      <Filter>Header Files</Filter>
    </ClInclude>
    <ClInclude Include="TexCoordAttribute.h">
      <Filter>Header Files</Filter>
    </ClInclude>
    <ClInclude Include="InfluenceAttribute.h">
      <Filter>Header Files</Filter>
    </ClInclude>
    <ClInclude Include="TangentAttribute.h">
      <Filter>Header Files</Filter>
    </ClInclude>
    <ClInclude Include="BitangentAttribute.h">
      <Filter>Header Files</Filter>
    </ClInclude>
    <ClInclude Include="GDExporter.h">
      <Filter>Header Files</Filter>
    </ClInclude>
    <ClInclude Include="GDMaterialExportCmd.h">
      <Filter>Header Files</Filter>
    </ClInclude>
    <ClInclude Include="GDFormExportCmd.h">
      <Filter>Header Files</Filter>
    </ClInclude>
    <ClInclude Include="GDRenderContext.h">
      <Filter>Header Files</Filter>
    </ClInclude>
    <ClInclude Include="GDTriangle.h">
      <Filter>Header Files</Filter>
    </ClInclude>
    <ClInclude Include="TriNormalAttribute.h">
      <Filter>Header Files</Filter>
    </ClInclude>
    <ClInclude Include="TriNeighborAttribute.h">
      <Filter>Header Files</Filter>
    </ClInclude>
    <ClInclude Include="GDMeshObject.h">
      <Filter>Header Files</Filter>
    </ClInclude>
    <ClInclude Include="GDAnimationExportCmd.h">
      <Filter>Header Files</Filter>
    </ClInclude>
  </ItemGroup>
</Project>