<?xml version="1.0" encoding="utf-8"?>
<Project ToolsVersion="4.0" xmlns="http://schemas.microsoft.com/developer/msbuild/2003">
  <ItemGroup>
    <Filter Include="Source Files">
      <UniqueIdentifier>{4FC737F1-C7A5-4376-A066-2A32D752A2FF}</UniqueIdentifier>
      <Extensions>cpp;c;cc;cxx;def;odl;idl;hpj;bat;asm;asmx</Extensions>
    </Filter>
    <Filter Include="Header Files">
      <UniqueIdentifier>{93995380-89BD-4b04-88EB-625FBE52EBFB}</UniqueIdentifier>
      <Extensions>h;hpp;hxx;hm;inl;inc;xsd</Extensions>
    </Filter>
    <Filter Include="Resource Files">
      <UniqueIdentifier>{67DA6AB6-F800-4c08-8B7A-83BB121AAD01}</UniqueIdentifier>
      <Extensions>rc;ico;cur;bmp;dlg;rc2;rct;bin;rgs;gif;jpg;jpeg;jpe;resx;tiff;tif;png;wav;mfcribbon-ms</Extensions>
    </Filter>
    <Filter Include="ShaderBuffers">
      <UniqueIdentifier>{1e836ab8-28b2-4004-a095-9b5dd32a511a}</UniqueIdentifier>
    </Filter>
  </ItemGroup>
  <ItemGroup>
    <ClInclude Include="RenderMesh.h">
      <Filter>Header Files</Filter>
    </ClInclude>
    <ClInclude Include="VertexFormats.h">
      <Filter>Header Files</Filter>
    </ClInclude>
    <ClInclude Include="RenderContext.h">
      <Filter>Header Files</Filter>
    </ClInclude>
    <ClInclude Include="RenderNode.h">
      <Filter>Header Files</Filter>
    </ClInclude>
    <ClInclude Include="RenderShape.h">
      <Filter>Header Files</Filter>
    </ClInclude>
    <ClInclude Include="RenderSet.h">
      <Filter>Header Files</Filter>
    </ClInclude>
    <ClInclude Include="RenderSetSorted.h">
      <Filter>Header Files</Filter>
    </ClInclude>
    <ClInclude Include="Renderer.h">
      <Filter>Header Files</Filter>
    </ClInclude>
    <ClInclude Include="RenderForm.h">
      <Filter>Header Files</Filter>
    </ClInclude>
    <ClInclude Include="RenderShapeWithTexture.h">
      <Filter>Header Files</Filter>
    </ClInclude>
    <ClInclude Include="Light.h">
      <Filter>Header Files</Filter>
    </ClInclude>
    <ClInclude Include="VertexBuffer.h">
      <Filter>Header Files</Filter>
    </ClInclude>
    <ClInclude Include="VertexBuffer.hpp">
      <Filter>Source Files</Filter>
    </ClInclude>
    <ClInclude Include="VertexBufferManager.h">
      <Filter>Header Files</Filter>
    </ClInclude>
    <ClInclude Include="IndexBuffer.h">
      <Filter>Header Files</Filter>
    </ClInclude>
    <ClInclude Include="RenderTarget.h">
      <Filter>Header Files</Filter>
    </ClInclude>
    <ClInclude Include="CubeRenderTarget.h">
      <Filter>Header Files</Filter>
    </ClInclude>
    <ClInclude Include="PointLightWithShadow.h">
      <Filter>Header Files</Filter>
    </ClInclude>
    <ClInclude Include="DirectionalLightWithShadow.h">
      <Filter>Header Files</Filter>
    </ClInclude>
    <ClInclude Include="RenderMaterial.h">
      <Filter>Header Files</Filter>
    </ClInclude>
    <ClInclude Include="RenderTexture.h">
      <Filter>Header Files</Filter>
    </ClInclude>
    <ClInclude Include="RenderTextureCubeMap.h">
      <Filter>Header Files</Filter>
    </ClInclude>
    <ClInclude Include="RenderShapeTarget.h">
      <Filter>Header Files</Filter>
    </ClInclude>
    <ClInclude Include="PostProcess.h">
      <Filter>Header Files</Filter>
    </ClInclude>
    <ClInclude Include="SpotLightWithShadow.h">
      <Filter>Header Files</Filter>
    </ClInclude>
    <ClInclude Include="RenderShapeBase.h">
      <Filter>Header Files</Filter>
    </ClInclude>
    <ClInclude Include="ViewPortManager.h">
      <Filter>Header Files</Filter>
    </ClInclude>
    <ClInclude Include="RenderShapeGUI.h">
      <Filter>Header Files</Filter>
    </ClInclude>
    <ClInclude Include="PostProcessWater.h">
      <Filter>Header Files</Filter>
    </ClInclude>
    <ClInclude Include="RenderShapeLight.h">
      <Filter>Header Files</Filter>
    </ClInclude>
    <ClInclude Include="VisibilityQueryInterface.h">
      <Filter>Header Files</Filter>
    </ClInclude>
    <ClInclude Include="DebugRenderer.h">
      <Filter>Header Files</Filter>
    </ClInclude>
    <ClInclude Include="RenderTexture2D.h">
      <Filter>Header Files</Filter>
    </ClInclude>
    <ClInclude Include="RenderFont.h">
      <Filter>Header Files</Filter>
    </ClInclude>
    <ClInclude Include="RenderString.h">
      <Filter>Header Files</Filter>
    </ClInclude>
    <ClInclude Include="TextRenderer.h">
      <Filter>Header Files</Filter>
    </ClInclude>
    <ClInclude Include="ShaderEffect.h">
      <Filter>Header Files</Filter>
    </ClInclude>
    <ClInclude Include="DepthStencilStateManager.h">
      <Filter>Header Files</Filter>
    </ClInclude>
    <ClInclude Include="RasterizerStateManager.h">
      <Filter>Header Files</Filter>
    </ClInclude>
    <ClInclude Include="GraphicsProfiler.h">
      <Filter>Header Files</Filter>
    </ClInclude>
    <ClInclude Include="RenderContextWithTexture.h">
      <Filter>Header Files</Filter>
    </ClInclude>
    <ClInclude Include="BlendStateManager.h">
      <Filter>Header Files</Filter>
    </ClInclude>
    <ClInclude Include="SharedDefines.h">
      <Filter>ShaderBuffers</Filter>
    </ClInclude>
    <ClInclude Include="LightBuffers.h">
      <Filter>ShaderBuffers</Filter>
    </ClInclude>
    <ClInclude Include="ConstantBuffers.h">
      <Filter>ShaderBuffers</Filter>
    </ClInclude>
    <ClInclude Include="RenderShapeDebug.h">
      <Filter>Header Files</Filter>
    </ClInclude>
    <ClInclude Include="RenderSprite.h">
      <Filter>Header Files</Filter>
    </ClInclude>
    <ClInclude Include="RenderSpriteManager.h">
      <Filter>Header Files</Filter>
    </ClInclude>
    <ClInclude Include="RenderShapeSkinned.h">
      <Filter>Header Files</Filter>
    </ClInclude>
    <ClInclude Include="RenderMesh.hpp">
      <Filter>Header Files</Filter>
    </ClInclude>
    <ClInclude Include="PointLight.h">
      <Filter>Header Files</Filter>
    </ClInclude>
    <ClInclude Include="SpotLight.h">
      <Filter>Header Files</Filter>
    </ClInclude>
  </ItemGroup>
  <ItemGroup>
    <ClCompile Include="RenderMesh.cpp">
      <Filter>Source Files</Filter>
    </ClCompile>
    <ClCompile Include="RenderContext.cpp">
      <Filter>Source Files</Filter>
    </ClCompile>
    <ClCompile Include="RenderShape.cpp">
      <Filter>Source Files</Filter>
    </ClCompile>
    <ClCompile Include="RenderSet.cpp">
      <Filter>Source Files</Filter>
    </ClCompile>
    <ClCompile Include="RenderSetSorted.cpp">
      <Filter>Source Files</Filter>
    </ClCompile>
    <ClCompile Include="Renderer.cpp">
      <Filter>Source Files</Filter>
    </ClCompile>
    <ClCompile Include="RenderForm.cpp">
      <Filter>Source Files</Filter>
    </ClCompile>
    <ClCompile Include="RenderShapeWithTexture.cpp">
      <Filter>Source Files</Filter>
    </ClCompile>
    <ClCompile Include="VertexBufferManager.cpp">
      <Filter>Source Files</Filter>
    </ClCompile>
    <ClCompile Include="IndexBuffer.cpp">
      <Filter>Source Files</Filter>
    </ClCompile>
    <ClCompile Include="RenderTarget.cpp">
      <Filter>Source Files</Filter>
    </ClCompile>
    <ClCompile Include="CubeRenderTarget.cpp">
      <Filter>Source Files</Filter>
    </ClCompile>
    <ClCompile Include="PointLightWithShadow.cpp">
      <Filter>Source Files</Filter>
    </ClCompile>
    <ClCompile Include="DirectionalLightWithShadow.cpp">
      <Filter>Source Files</Filter>
    </ClCompile>
    <ClCompile Include="RenderMaterial.cpp">
      <Filter>Source Files</Filter>
    </ClCompile>
    <ClCompile Include="VertexFormats.cpp">
      <Filter>Source Files</Filter>
    </ClCompile>
    <ClCompile Include="RenderTexture.cpp">
      <Filter>Source Files</Filter>
    </ClCompile>
    <ClCompile Include="RenderTextureCubeMap.cpp">
      <Filter>Source Files</Filter>
    </ClCompile>
    <ClCompile Include="RenderShapeTarget.cpp">
      <Filter>Source Files</Filter>
    </ClCompile>
    <ClCompile Include="PostProcess.cpp">
      <Filter>Source Files</Filter>
    </ClCompile>
    <ClCompile Include="SpotLightWithShadow.cpp">
      <Filter>Source Files</Filter>
    </ClCompile>
    <ClCompile Include="ViewPortManager.cpp">
      <Filter>Source Files</Filter>
    </ClCompile>
    <ClCompile Include="RenderShapeGUI.cpp">
      <Filter>Source Files</Filter>
    </ClCompile>
    <ClCompile Include="PostProcessWater.cpp">
      <Filter>Source Files</Filter>
    </ClCompile>
    <ClCompile Include="RenderShapeLight.cpp">
      <Filter>Source Files</Filter>
    </ClCompile>
    <ClCompile Include="VisibilityQueryInterface.cpp">
      <Filter>Source Files</Filter>
    </ClCompile>
    <ClCompile Include="DebugRenderer.cpp">
      <Filter>Source Files</Filter>
    </ClCompile>
    <ClCompile Include="RenderTexture2D.cpp">
      <Filter>Source Files</Filter>
    </ClCompile>
    <ClCompile Include="RenderFont.cpp">
      <Filter>Source Files</Filter>
    </ClCompile>
    <ClCompile Include="RenderString.cpp">
      <Filter>Source Files</Filter>
    </ClCompile>
    <ClCompile Include="TextRenderer.cpp">
      <Filter>Source Files</Filter>
    </ClCompile>
    <ClCompile Include="ShaderEffect.cpp">
      <Filter>Source Files</Filter>
    </ClCompile>
    <ClCompile Include="DepthStencilStateManager.cpp">
      <Filter>Source Files</Filter>
    </ClCompile>
    <ClCompile Include="RasterizerStateManager.cpp">
      <Filter>Source Files</Filter>
    </ClCompile>
    <ClCompile Include="GraphicsProfiler.cpp">
      <Filter>Source Files</Filter>
    </ClCompile>
    <ClCompile Include="RenderContextWithTexture.cpp">
      <Filter>Source Files</Filter>
    </ClCompile>
    <ClCompile Include="BlendStateManager.cpp">
      <Filter>Source Files</Filter>
    </ClCompile>
    <ClCompile Include="RenderShapeDebug.cpp">
      <Filter>Source Files</Filter>
    </ClCompile>
    <ClCompile Include="RenderSprite.cpp">
      <Filter>Source Files</Filter>
    </ClCompile>
    <ClCompile Include="RenderSpriteManager.cpp">
      <Filter>Source Files</Filter>
    </ClCompile>
    <ClCompile Include="RenderShapeSkinned.cpp">
      <Filter>Source Files</Filter>
    </ClCompile>
    <ClCompile Include="precompiled.cpp">
      <Filter>Source Files</Filter>
    </ClCompile>
    <ClCompile Include="PointLight.cpp">
      <Filter>Source Files</Filter>
    </ClCompile>
    <ClCompile Include="SpotLight.cpp">
      <Filter>Source Files</Filter>
    </ClCompile>
  </ItemGroup>
</Project>